
Microsoft Visual Studio Solution File, Format Version 12.00
# Visual Studio Version 16
VisualStudioVersion = 16.0.31129.286
MinimumVisualStudioVersion = 10.0.40219.1
Project("{FAE04EC0-301F-11D3-BF4B-00C04F79EFBC}") = "covid_kkds", "covid_kkds.csproj", "{3E87E79A-F658-4095-8E01-02B2BDF4DA1A}"
EndProject
Global
	GlobalSection(SolutionConfigurationPlatforms) = preSolution
		Debug|Any CPU = Debug|Any CPU
		Release|Any CPU = Release|Any CPU
	EndGlobalSection
	GlobalSection(ProjectConfigurationPlatforms) = postSolution
		{3E87E79A-F658-4095-8E01-02B2BDF4DA1A}.Debug|Any CPU.ActiveCfg = Debug|Any CPU
		{3E87E79A-F658-4095-8E01-02B2BDF4DA1A}.Debug|Any CPU.Build.0 = Debug|Any CPU
		{3E87E79A-F658-4095-8E01-02B2BDF4DA1A}.Release|Any CPU.ActiveCfg = Release|Any CPU
		{3E87E79A-F658-4095-8E01-02B2BDF4DA1A}.Release|Any CPU.Build.0 = Release|Any CPU
	EndGlobalSection
	GlobalSection(SolutionProperties) = preSolution
		HideSolutionNode = FALSE
	EndGlobalSection
	GlobalSection(ExtensibilityGlobals) = postSolution
		SolutionGuid = {A290661C-8BD1-4A8E-A20D-6BCC13E60EE6}
	EndGlobalSection
EndGlobal
